
Microsoft Visual Studio Solution File, Format Version 12.00
# Visual Studio Version 17
VisualStudioVersion = 17.9.34616.47
MinimumVisualStudioVersion = 10.0.40219.1
Project("{FAE04EC0-301F-11D3-BF4B-00C04F79EFBC}") = "Blog", "Blog\Blog.csproj", "{BCFEF10C-12CA-4A86-8D48-21B37D692BFD}"
EndProject
Global
	GlobalSection(SolutionConfigurationPlatforms) = preSolution
		Debug|Any CPU = Debug|Any CPU
		Release|Any CPU = Release|Any CPU
	EndGlobalSection
	GlobalSection(ProjectConfigurationPlatforms) = postSolution
		{BCFEF10C-12CA-4A86-8D48-21B37D692BFD}.Debug|Any CPU.ActiveCfg = Debug|Any CPU
		{BCFEF10C-12CA-4A86-8D48-21B37D692BFD}.Debug|Any CPU.Build.0 = Debug|Any CPU
		{BCFEF10C-12CA-4A86-8D48-21B37D692BFD}.Release|Any CPU.ActiveCfg = Release|Any CPU
		{BCFEF10C-12CA-4A86-8D48-21B37D692BFD}.Release|Any CPU.Build.0 = Release|Any CPU
	EndGlobalSection
	GlobalSection(SolutionProperties) = preSolution
		HideSolutionNode = FALSE
	EndGlobalSection
	GlobalSection(ExtensibilityGlobals) = postSolution
		SolutionGuid = {4D4B9F41-FF34-4C3D-A1BB-742688CD258D}
	EndGlobalSection
EndGlobal
